
Microsoft Visual Studio Solution File, Format Version 12.00
# Visual Studio Version 17
VisualStudioVersion = 17.10.34916.146
MinimumVisualStudioVersion = 10.0.40219.1
Project("{FAE04EC0-301F-11D3-BF4B-00C04F79EFBC}") = "DateTimeKeywordParser", "DateTimeKeywordParser\DateTimeKeywordParser.csproj", "{DDC6BE26-18B7-4CF0-830E-B6A41BFDC4B4}"
EndProject
Project("{FAE04EC0-301F-11D3-BF4B-00C04F79EFBC}") = "DatekeywordParserConsole", "DatekeywordParserConsole\DatekeywordParserConsole.csproj", "{9E9A9F6B-9E42-4B2D-AC30-338B35418306}"
EndProject
Project("{2150E333-8FDC-42A3-9474-1A3956D46DE8}") = "Solution Items", "Solution Items", "{FF1C1069-0726-4B0B-AE7C-0B252F14EFE0}"
	ProjectSection(SolutionItems) = preProject
		.gitignore = .gitignore
	EndProjectSection
EndProject
Global
	GlobalSection(SolutionConfigurationPlatforms) = preSolution
		Debug|Any CPU = Debug|Any CPU
		Release|Any CPU = Release|Any CPU
	EndGlobalSection
	GlobalSection(ProjectConfigurationPlatforms) = postSolution
		{DDC6BE26-18B7-4CF0-830E-B6A41BFDC4B4}.Debug|Any CPU.ActiveCfg = Debug|Any CPU
		{DDC6BE26-18B7-4CF0-830E-B6A41BFDC4B4}.Debug|Any CPU.Build.0 = Debug|Any CPU
		{DDC6BE26-18B7-4CF0-830E-B6A41BFDC4B4}.Release|Any CPU.ActiveCfg = Release|Any CPU
		{DDC6BE26-18B7-4CF0-830E-B6A41BFDC4B4}.Release|Any CPU.Build.0 = Release|Any CPU
		{9E9A9F6B-9E42-4B2D-AC30-338B35418306}.Debug|Any CPU.ActiveCfg = Debug|Any CPU
		{9E9A9F6B-9E42-4B2D-AC30-338B35418306}.Debug|Any CPU.Build.0 = Debug|Any CPU
		{9E9A9F6B-9E42-4B2D-AC30-338B35418306}.Release|Any CPU.ActiveCfg = Release|Any CPU
		{9E9A9F6B-9E42-4B2D-AC30-338B35418306}.Release|Any CPU.Build.0 = Release|Any CPU
	EndGlobalSection
	GlobalSection(SolutionProperties) = preSolution
		HideSolutionNode = FALSE
	EndGlobalSection
	GlobalSection(ExtensibilityGlobals) = postSolution
		SolutionGuid = {3D070DD2-81CA-4E32-9798-8FB8A3927EFE}
	EndGlobalSection
EndGlobal
